
Microsoft Visual Studio Solution File, Format Version 12.00
# Visual Studio 2012
Project("{FAE04EC0-301F-11D3-BF4B-00C04F79EFBC}") = "Chat App", "Chat App\Chat App.csproj", "{5EB1F7DB-5F10-41E6-A122-51B0F8A63978}"
EndProject
Project("{FAE04EC0-301F-11D3-BF4B-00C04F79EFBC}") = "Entities", "Entities\Entities.csproj", "{B0D88C49-7359-4BA1-8EEC-98260067F3E9}"
EndProject
Project("{FAE04EC0-301F-11D3-BF4B-00C04F79EFBC}") = "Interfaces", "Interfaces\Interfaces.csproj", "{05F063BA-678C-4857-ACC5-29768E1EA0EA}"
EndProject
Project("{FAE04EC0-301F-11D3-BF4B-00C04F79EFBC}") = "Repositories", "Repositories\Repositories.csproj", "{ECA54A4F-9665-474A-953F-8594896E3D00}"
EndProject
Project("{FAE04EC0-301F-11D3-BF4B-00C04F79EFBC}") = "Services", "Services\Services.csproj", "{499757E1-6B62-4B83-A2E1-5E41A54FB6D0}"
EndProject
Global
	GlobalSection(SolutionConfigurationPlatforms) = preSolution
		CD_ROM|Any CPU = CD_ROM|Any CPU
		Debug|Any CPU = Debug|Any CPU
		DVD-5|Any CPU = DVD-5|Any CPU
		Release|Any CPU = Release|Any CPU
		SingleImage|Any CPU = SingleImage|Any CPU
	EndGlobalSection
	GlobalSection(ProjectConfigurationPlatforms) = postSolution
		{5EB1F7DB-5F10-41E6-A122-51B0F8A63978}.CD_ROM|Any CPU.ActiveCfg = Release|Any CPU
		{5EB1F7DB-5F10-41E6-A122-51B0F8A63978}.CD_ROM|Any CPU.Build.0 = Release|Any CPU
		{5EB1F7DB-5F10-41E6-A122-51B0F8A63978}.Debug|Any CPU.ActiveCfg = Debug|Any CPU
		{5EB1F7DB-5F10-41E6-A122-51B0F8A63978}.Debug|Any CPU.Build.0 = Debug|Any CPU
		{5EB1F7DB-5F10-41E6-A122-51B0F8A63978}.DVD-5|Any CPU.ActiveCfg = Debug|Any CPU
		{5EB1F7DB-5F10-41E6-A122-51B0F8A63978}.DVD-5|Any CPU.Build.0 = Debug|Any CPU
		{5EB1F7DB-5F10-41E6-A122-51B0F8A63978}.Release|Any CPU.ActiveCfg = Release|Any CPU
		{5EB1F7DB-5F10-41E6-A122-51B0F8A63978}.Release|Any CPU.Build.0 = Release|Any CPU
		{5EB1F7DB-5F10-41E6-A122-51B0F8A63978}.SingleImage|Any CPU.ActiveCfg = Release|Any CPU
		{5EB1F7DB-5F10-41E6-A122-51B0F8A63978}.SingleImage|Any CPU.Build.0 = Release|Any CPU
		{B0D88C49-7359-4BA1-8EEC-98260067F3E9}.CD_ROM|Any CPU.ActiveCfg = Release|Any CPU
		{B0D88C49-7359-4BA1-8EEC-98260067F3E9}.CD_ROM|Any CPU.Build.0 = Release|Any CPU
		{B0D88C49-7359-4BA1-8EEC-98260067F3E9}.Debug|Any CPU.ActiveCfg = Debug|Any CPU
		{B0D88C49-7359-4BA1-8EEC-98260067F3E9}.Debug|Any CPU.Build.0 = Debug|Any CPU
		{B0D88C49-7359-4BA1-8EEC-98260067F3E9}.DVD-5|Any CPU.ActiveCfg = Debug|Any CPU
		{B0D88C49-7359-4BA1-8EEC-98260067F3E9}.DVD-5|Any CPU.Build.0 = Debug|Any CPU
		{B0D88C49-7359-4BA1-8EEC-98260067F3E9}.Release|Any CPU.ActiveCfg = Release|Any CPU
		{B0D88C49-7359-4BA1-8EEC-98260067F3E9}.Release|Any CPU.Build.0 = Release|Any CPU
		{B0D88C49-7359-4BA1-8EEC-98260067F3E9}.SingleImage|Any CPU.ActiveCfg = Release|Any CPU
		{B0D88C49-7359-4BA1-8EEC-98260067F3E9}.SingleImage|Any CPU.Build.0 = Release|Any CPU
		{05F063BA-678C-4857-ACC5-29768E1EA0EA}.CD_ROM|Any CPU.ActiveCfg = Release|Any CPU
		{05F063BA-678C-4857-ACC5-29768E1EA0EA}.CD_ROM|Any CPU.Build.0 = Release|Any CPU
		{05F063BA-678C-4857-ACC5-29768E1EA0EA}.Debug|Any CPU.ActiveCfg = Debug|Any CPU
		{05F063BA-678C-4857-ACC5-29768E1EA0EA}.Debug|Any CPU.Build.0 = Debug|Any CPU
		{05F063BA-678C-4857-ACC5-29768E1EA0EA}.DVD-5|Any CPU.ActiveCfg = Debug|Any CPU
		{05F063BA-678C-4857-ACC5-29768E1EA0EA}.DVD-5|Any CPU.Build.0 = Debug|Any CPU
		{05F063BA-678C-4857-ACC5-29768E1EA0EA}.Release|Any CPU.ActiveCfg = Release|Any CPU
		{05F063BA-678C-4857-ACC5-29768E1EA0EA}.Release|Any CPU.Build.0 = Release|Any CPU
		{05F063BA-678C-4857-ACC5-29768E1EA0EA}.SingleImage|Any CPU.ActiveCfg = Release|Any CPU
		{05F063BA-678C-4857-ACC5-29768E1EA0EA}.SingleImage|Any CPU.Build.0 = Release|Any CPU
		{ECA54A4F-9665-474A-953F-8594896E3D00}.CD_ROM|Any CPU.ActiveCfg = Release|Any CPU
		{ECA54A4F-9665-474A-953F-8594896E3D00}.CD_ROM|Any CPU.Build.0 = Release|Any CPU
		{ECA54A4F-9665-474A-953F-8594896E3D00}.Debug|Any CPU.ActiveCfg = Debug|Any CPU
		{ECA54A4F-9665-474A-953F-8594896E3D00}.Debug|Any CPU.Build.0 = Debug|Any CPU
		{ECA54A4F-9665-474A-953F-8594896E3D00}.DVD-5|Any CPU.ActiveCfg = Debug|Any CPU
		{ECA54A4F-9665-474A-953F-8594896E3D00}.DVD-5|Any CPU.Build.0 = Debug|Any CPU
		{ECA54A4F-9665-474A-953F-8594896E3D00}.Release|Any CPU.ActiveCfg = Release|Any CPU
		{ECA54A4F-9665-474A-953F-8594896E3D00}.Release|Any CPU.Build.0 = Release|Any CPU
		{ECA54A4F-9665-474A-953F-8594896E3D00}.SingleImage|Any CPU.ActiveCfg = Release|Any CPU
		{ECA54A4F-9665-474A-953F-8594896E3D00}.SingleImage|Any CPU.Build.0 = Release|Any CPU
		{499757E1-6B62-4B83-A2E1-5E41A54FB6D0}.CD_ROM|Any CPU.ActiveCfg = Release|Any CPU
		{499757E1-6B62-4B83-A2E1-5E41A54FB6D0}.CD_ROM|Any CPU.Build.0 = Release|Any CPU
		{499757E1-6B62-4B83-A2E1-5E41A54FB6D0}.Debug|Any CPU.ActiveCfg = Debug|Any CPU
		{499757E1-6B62-4B83-A2E1-5E41A54FB6D0}.Debug|Any CPU.Build.0 = Debug|Any CPU
		{499757E1-6B62-4B83-A2E1-5E41A54FB6D0}.DVD-5|Any CPU.ActiveCfg = Debug|Any CPU
		{499757E1-6B62-4B83-A2E1-5E41A54FB6D0}.DVD-5|Any CPU.Build.0 = Debug|Any CPU
		{499757E1-6B62-4B83-A2E1-5E41A54FB6D0}.Release|Any CPU.ActiveCfg = Release|Any CPU
		{499757E1-6B62-4B83-A2E1-5E41A54FB6D0}.Release|Any CPU.Build.0 = Release|Any CPU
		{499757E1-6B62-4B83-A2E1-5E41A54FB6D0}.SingleImage|Any CPU.ActiveCfg = Release|Any CPU
		{499757E1-6B62-4B83-A2E1-5E41A54FB6D0}.SingleImage|Any CPU.Build.0 = Release|Any CPU
	EndGlobalSection
	GlobalSection(SolutionProperties) = preSolution
		HideSolutionNode = FALSE
	EndGlobalSection
EndGlobal
